<Solution>
  <Folder Name="/level2/">
    <Project Path="level2/RootCause.csproj" />
  </Folder>
  <Folder Name="/level3/">
    <Project Path="Level3/Level3.csproj" />
  </Folder>
  <Folder Name="/level4/">
    <Project Path="level4/Level4Solver/Level4Solver.csproj" />
  </Folder>
  <Folder Name="/src/">
    <Project Path="src/Photospheria.Cli/Photospheria.Cli.csproj" />
    <Project Path="src/Photospheria.Core/Photospheria.Core.csproj" />
    <Project Path="src/Photospheria.Serialization/Photospheria.Serialization.csproj" />
    <Project Path="src/Photospheria.Solver/Photospheria.Solver.csproj" />
  </Folder>
  <Folder Name="/tests/">
    <Project Path="tests/Photospheria.Tests/Photospheria.Tests.csproj" />
  </Folder>
</Solution>
